
Microsoft Visual Studio Solution File, Format Version 12.00
# Visual Studio Version 17
VisualStudioVersion = 17.11.35312.102
MinimumVisualStudioVersion = 10.0.40219.1
Project("{FAE04EC0-301F-11D3-BF4B-00C04F79EFBC}") = "TrimUrlExtraSlashes", "TrimUrlExtraSlashes\TrimUrlExtraSlashes.csproj", "{1B7DF3EA-E4F4-4633-AE63-CE5E91E8DF75}"
EndProject
Global
	GlobalSection(SolutionConfigurationPlatforms) = preSolution
		Debug|Any CPU = Debug|Any CPU
		Release|Any CPU = Release|Any CPU
	EndGlobalSection
	GlobalSection(ProjectConfigurationPlatforms) = postSolution
		{1B7DF3EA-E4F4-4633-AE63-CE5E91E8DF75}.Debug|Any CPU.ActiveCfg = Debug|Any CPU
		{1B7DF3EA-E4F4-4633-AE63-CE5E91E8DF75}.Debug|Any CPU.Build.0 = Debug|Any CPU
		{1B7DF3EA-E4F4-4633-AE63-CE5E91E8DF75}.Release|Any CPU.ActiveCfg = Release|Any CPU
		{1B7DF3EA-E4F4-4633-AE63-CE5E91E8DF75}.Release|Any CPU.Build.0 = Release|Any CPU
	EndGlobalSection
	GlobalSection(SolutionProperties) = preSolution
		HideSolutionNode = FALSE
	EndGlobalSection
	GlobalSection(ExtensibilityGlobals) = postSolution
		SolutionGuid = {3C23863A-B228-47FC-90F0-242043AF6681}
	EndGlobalSection
EndGlobal
